
Microsoft Visual Studio Solution File, Format Version 12.00
# Visual Studio 15
VisualStudioVersion = 15.0.27130.2036
MinimumVisualStudioVersion = 10.0.40219.1
Project("{FAE04EC0-301F-11D3-BF4B-00C04F79EFBC}") = "DayOneWeather.Android", "DayOneWeather\DayOneWeather.Android\DayOneWeather.Android.csproj", "{BCDD9C79-C3A7-4532-8B8A-45747E3C424A}"
EndProject
Project("{FAE04EC0-301F-11D3-BF4B-00C04F79EFBC}") = "DayOneWeather.iOS", "DayOneWeather\DayOneWeather.iOS\DayOneWeather.iOS.csproj", "{05CAA082-10C3-4E7A-A9D3-52D8E57C7C5C}"
EndProject
Project("{FAE04EC0-301F-11D3-BF4B-00C04F79EFBC}") = "DayOneWeather.UWP", "DayOneWeather\DayOneWeather.UWP\DayOneWeather.UWP.csproj", "{AFD2CB98-C7BC-42EA-952F-73FC0A9B00AE}"
EndProject
Project("{FAE04EC0-301F-11D3-BF4B-00C04F79EFBC}") = "DayOneWeather", "DayOneWeather\DayOneWeather\DayOneWeather.csproj", "{AD3315CA-3348-442A-89DB-759D75EF54FD}"
EndProject
Global
	GlobalSection(SolutionConfigurationPlatforms) = preSolution
		Ad-Hoc|Any CPU = Ad-Hoc|Any CPU
		Ad-Hoc|ARM = Ad-Hoc|ARM
		Ad-Hoc|iPhone = Ad-Hoc|iPhone
		Ad-Hoc|iPhoneSimulator = Ad-Hoc|iPhoneSimulator
		Ad-Hoc|x64 = Ad-Hoc|x64
		Ad-Hoc|x86 = Ad-Hoc|x86
		AppStore|Any CPU = AppStore|Any CPU
		AppStore|ARM = AppStore|ARM
		AppStore|iPhone = AppStore|iPhone
		AppStore|iPhoneSimulator = AppStore|iPhoneSimulator
		AppStore|x64 = AppStore|x64
		AppStore|x86 = AppStore|x86
		Debug|Any CPU = Debug|Any CPU
		Debug|ARM = Debug|ARM
		Debug|iPhone = Debug|iPhone
		Debug|iPhoneSimulator = Debug|iPhoneSimulator
		Debug|x64 = Debug|x64
		Debug|x86 = Debug|x86
		Release|Any CPU = Release|Any CPU
		Release|ARM = Release|ARM
		Release|iPhone = Release|iPhone
		Release|iPhoneSimulator = Release|iPhoneSimulator
		Release|x64 = Release|x64
		Release|x86 = Release|x86
	EndGlobalSection
	GlobalSection(ProjectConfigurationPlatforms) = postSolution
		{BCDD9C79-C3A7-4532-8B8A-45747E3C424A}.Ad-Hoc|Any CPU.ActiveCfg = Release|Any CPU
		{BCDD9C79-C3A7-4532-8B8A-45747E3C424A}.Ad-Hoc|Any CPU.Build.0 = Release|Any CPU
		{BCDD9C79-C3A7-4532-8B8A-45747E3C424A}.Ad-Hoc|Any CPU.Deploy.0 = Release|Any CPU
		{BCDD9C79-C3A7-4532-8B8A-45747E3C424A}.Ad-Hoc|ARM.ActiveCfg = Release|Any CPU
		{BCDD9C79-C3A7-4532-8B8A-45747E3C424A}.Ad-Hoc|ARM.Build.0 = Release|Any CPU
		{BCDD9C79-C3A7-4532-8B8A-45747E3C424A}.Ad-Hoc|ARM.Deploy.0 = Release|Any CPU
		{BCDD9C79-C3A7-4532-8B8A-45747E3C424A}.Ad-Hoc|iPhone.ActiveCfg = Release|Any CPU
		{BCDD9C79-C3A7-4532-8B8A-45747E3C424A}.Ad-Hoc|iPhone.Build.0 = Release|Any CPU
		{BCDD9C79-C3A7-4532-8B8A-45747E3C424A}.Ad-Hoc|iPhone.Deploy.0 = Release|Any CPU
		{BCDD9C79-C3A7-4532-8B8A-45747E3C424A}.Ad-Hoc|iPhoneSimulator.ActiveCfg = Release|Any CPU
		{BCDD9C79-C3A7-4532-8B8A-45747E3C424A}.Ad-Hoc|iPhoneSimulator.Build.0 = Release|Any CPU
		{BCDD9C79-C3A7-4532-8B8A-45747E3C424A}.Ad-Hoc|iPhoneSimulator.Deploy.0 = Release|Any CPU
		{BCDD9C79-C3A7-4532-8B8A-45747E3C424A}.Ad-Hoc|x64.ActiveCfg = Release|Any CPU
		{BCDD9C79-C3A7-4532-8B8A-45747E3C424A}.Ad-Hoc|x64.Build.0 = Release|Any CPU
		{BCDD9C79-C3A7-4532-8B8A-45747E3C424A}.Ad-Hoc|x64.Deploy.0 = Release|Any CPU
		{BCDD9C79-C3A7-4532-8B8A-45747E3C424A}.Ad-Hoc|x86.ActiveCfg = Release|Any CPU
		{BCDD9C79-C3A7-4532-8B8A-45747E3C424A}.Ad-Hoc|x86.Build.0 = Release|Any CPU
		{BCDD9C79-C3A7-4532-8B8A-45747E3C424A}.Ad-Hoc|x86.Deploy.0 = Release|Any CPU
		{BCDD9C79-C3A7-4532-8B8A-45747E3C424A}.AppStore|Any CPU.ActiveCfg = Release|Any CPU
		{BCDD9C79-C3A7-4532-8B8A-45747E3C424A}.AppStore|Any CPU.Build.0 = Release|Any CPU
		{BCDD9C79-C3A7-4532-8B8A-45747E3C424A}.AppStore|Any CPU.Deploy.0 = Release|Any CPU
		{BCDD9C79-C3A7-4532-8B8A-45747E3C424A}.AppStore|ARM.ActiveCfg = Release|Any CPU
		{BCDD9C79-C3A7-4532-8B8A-45747E3C424A}.AppStore|ARM.Build.0 = Release|Any CPU
		{BCDD9C79-C3A7-4532-8B8A-45747E3C424A}.AppStore|ARM.Deploy.0 = Release|Any CPU
		{BCDD9C79-C3A7-4532-8B8A-45747E3C424A}.AppStore|iPhone.ActiveCfg = Release|Any CPU
		{BCDD9C79-C3A7-4532-8B8A-45747E3C424A}.AppStore|iPhone.Build.0 = Release|Any CPU
		{BCDD9C79-C3A7-4532-8B8A-45747E3C424A}.AppStore|iPhone.Deploy.0 = Release|Any CPU
		{BCDD9C79-C3A7-4532-8B8A-45747E3C424A}.AppStore|iPhoneSimulator.ActiveCfg = Release|Any CPU
		{BCDD9C79-C3A7-4532-8B8A-45747E3C424A}.AppStore|iPhoneSimulator.Build.0 = Release|Any CPU
		{BCDD9C79-C3A7-4532-8B8A-45747E3C424A}.AppStore|iPhoneSimulator.Deploy.0 = Release|Any CPU
		{BCDD9C79-C3A7-4532-8B8A-45747E3C424A}.AppStore|x64.ActiveCfg = Release|Any CPU
		{BCDD9C79-C3A7-4532-8B8A-45747E3C424A}.AppStore|x64.Build.0 = Release|Any CPU
		{BCDD9C79-C3A7-4532-8B8A-45747E3C424A}.AppStore|x64.Deploy.0 = Release|Any CPU
		{BCDD9C79-C3A7-4532-8B8A-45747E3C424A}.AppStore|x86.ActiveCfg = Release|Any CPU
		{BCDD9C79-C3A7-4532-8B8A-45747E3C424A}.AppStore|x86.Build.0 = Release|Any CPU
		{BCDD9C79-C3A7-4532-8B8A-45747E3C424A}.AppStore|x86.Deploy.0 = Release|Any CPU
		{BCDD9C79-C3A7-4532-8B8A-45747E3C424A}.Debug|Any CPU.ActiveCfg = Debug|Any CPU
		{BCDD9C79-C3A7-4532-8B8A-45747E3C424A}.Debug|Any CPU.Build.0 = Debug|Any CPU
		{BCDD9C79-C3A7-4532-8B8A-45747E3C424A}.Debug|Any CPU.Deploy.0 = Debug|Any CPU
		{BCDD9C79-C3A7-4532-8B8A-45747E3C424A}.Debug|ARM.ActiveCfg = Debug|Any CPU
		{BCDD9C79-C3A7-4532-8B8A-45747E3C424A}.Debug|ARM.Build.0 = Debug|Any CPU
		{BCDD9C79-C3A7-4532-8B8A-45747E3C424A}.Debug|ARM.Deploy.0 = Debug|Any CPU
		{BCDD9C79-C3A7-4532-8B8A-45747E3C424A}.Debug|iPhone.ActiveCfg = Debug|Any CPU
		{BCDD9C79-C3A7-4532-8B8A-45747E3C424A}.Debug|iPhone.Build.0 = Debug|Any CPU
		{BCDD9C79-C3A7-4532-8B8A-45747E3C424A}.Debug|iPhone.Deploy.0 = Debug|Any CPU
		{BCDD9C79-C3A7-4532-8B8A-45747E3C424A}.Debug|iPhoneSimulator.ActiveCfg = Debug|Any CPU
		{BCDD9C79-C3A7-4532-8B8A-45747E3C424A}.Debug|iPhoneSimulator.Build.0 = Debug|Any CPU
		{BCDD9C79-C3A7-4532-8B8A-45747E3C424A}.Debug|iPhoneSimulator.Deploy.0 = Debug|Any CPU
		{BCDD9C79-C3A7-4532-8B8A-45747E3C424A}.Debug|x64.ActiveCfg = Debug|Any CPU
		{BCDD9C79-C3A7-4532-8B8A-45747E3C424A}.Debug|x64.Build.0 = Debug|Any CPU
		{BCDD9C79-C3A7-4532-8B8A-45747E3C424A}.Debug|x64.Deploy.0 = Debug|Any CPU
		{BCDD9C79-C3A7-4532-8B8A-45747E3C424A}.Debug|x86.ActiveCfg = Debug|Any CPU
		{BCDD9C79-C3A7-4532-8B8A-45747E3C424A}.Debug|x86.Build.0 = Debug|Any CPU
		{BCDD9C79-C3A7-4532-8B8A-45747E3C424A}.Debug|x86.Deploy.0 = Debug|Any CPU
		{BCDD9C79-C3A7-4532-8B8A-45747E3C424A}.Release|Any CPU.ActiveCfg = Release|Any CPU
		{BCDD9C79-C3A7-4532-8B8A-45747E3C424A}.Release|Any CPU.Build.0 = Release|Any CPU
		{BCDD9C79-C3A7-4532-8B8A-45747E3C424A}.Release|Any CPU.Deploy.0 = Release|Any CPU
		{BCDD9C79-C3A7-4532-8B8A-45747E3C424A}.Release|ARM.ActiveCfg = Release|Any CPU
		{BCDD9C79-C3A7-4532-8B8A-45747E3C424A}.Release|ARM.Build.0 = Release|Any CPU
		{BCDD9C79-C3A7-4532-8B8A-45747E3C424A}.Release|ARM.Deploy.0 = Release|Any CPU
		{BCDD9C79-C3A7-4532-8B8A-45747E3C424A}.Release|iPhone.ActiveCfg = Release|Any CPU
		{BCDD9C79-C3A7-4532-8B8A-45747E3C424A}.Release|iPhone.Build.0 = Release|Any CPU
		{BCDD9C79-C3A7-4532-8B8A-45747E3C424A}.Release|iPhone.Deploy.0 = Release|Any CPU
		{BCDD9C79-C3A7-4532-8B8A-45747E3C424A}.Release|iPhoneSimulator.ActiveCfg = Release|Any CPU
		{BCDD9C79-C3A7-4532-8B8A-45747E3C424A}.Release|iPhoneSimulator.Build.0 = Release|Any CPU
		{BCDD9C79-C3A7-4532-8B8A-45747E3C424A}.Release|iPhoneSimulator.Deploy.0 = Release|Any CPU
		{BCDD9C79-C3A7-4532-8B8A-45747E3C424A}.Release|x64.ActiveCfg = Release|Any CPU
		{BCDD9C79-C3A7-4532-8B8A-45747E3C424A}.Release|x64.Build.0 = Release|Any CPU
		{BCDD9C79-C3A7-4532-8B8A-45747E3C424A}.Release|x64.Deploy.0 = Release|Any CPU
		{BCDD9C79-C3A7-4532-8B8A-45747E3C424A}.Release|x86.ActiveCfg = Release|Any CPU
		{BCDD9C79-C3A7-4532-8B8A-45747E3C424A}.Release|x86.Build.0 = Release|Any CPU
		{BCDD9C79-C3A7-4532-8B8A-45747E3C424A}.Release|x86.Deploy.0 = Release|Any CPU
		{05CAA082-10C3-4E7A-A9D3-52D8E57C7C5C}.Ad-Hoc|Any CPU.ActiveCfg = Ad-Hoc|iPhone
		{05CAA082-10C3-4E7A-A9D3-52D8E57C7C5C}.Ad-Hoc|ARM.ActiveCfg = Ad-Hoc|iPhone
		{05CAA082-10C3-4E7A-A9D3-52D8E57C7C5C}.Ad-Hoc|iPhone.ActiveCfg = Ad-Hoc|iPhone
		{05CAA082-10C3-4E7A-A9D3-52D8E57C7C5C}.Ad-Hoc|iPhone.Build.0 = Ad-Hoc|iPhone
		{05CAA082-10C3-4E7A-A9D3-52D8E57C7C5C}.Ad-Hoc|iPhoneSimulator.ActiveCfg = Ad-Hoc|iPhoneSimulator
		{05CAA082-10C3-4E7A-A9D3-52D8E57C7C5C}.Ad-Hoc|iPhoneSimulator.Build.0 = Ad-Hoc|iPhoneSimulator
		{05CAA082-10C3-4E7A-A9D3-52D8E57C7C5C}.Ad-Hoc|x64.ActiveCfg = Ad-Hoc|iPhone
		{05CAA082-10C3-4E7A-A9D3-52D8E57C7C5C}.Ad-Hoc|x86.ActiveCfg = Ad-Hoc|iPhone
		{05CAA082-10C3-4E7A-A9D3-52D8E57C7C5C}.AppStore|Any CPU.ActiveCfg = AppStore|iPhone
		{05CAA082-10C3-4E7A-A9D3-52D8E57C7C5C}.AppStore|ARM.ActiveCfg = AppStore|iPhone
		{05CAA082-10C3-4E7A-A9D3-52D8E57C7C5C}.AppStore|iPhone.ActiveCfg = AppStore|iPhone
		{05CAA082-10C3-4E7A-A9D3-52D8E57C7C5C}.AppStore|iPhone.Build.0 = AppStore|iPhone
		{05CAA082-10C3-4E7A-A9D3-52D8E57C7C5C}.AppStore|iPhoneSimulator.ActiveCfg = AppStore|iPhoneSimulator
		{05CAA082-10C3-4E7A-A9D3-52D8E57C7C5C}.AppStore|iPhoneSimulator.Build.0 = AppStore|iPhoneSimulator
		{05CAA082-10C3-4E7A-A9D3-52D8E57C7C5C}.AppStore|x64.ActiveCfg = AppStore|iPhone
		{05CAA082-10C3-4E7A-A9D3-52D8E57C7C5C}.AppStore|x86.ActiveCfg = AppStore|iPhone
		{05CAA082-10C3-4E7A-A9D3-52D8E57C7C5C}.Debug|Any CPU.ActiveCfg = Debug|iPhone
		{05CAA082-10C3-4E7A-A9D3-52D8E57C7C5C}.Debug|ARM.ActiveCfg = Debug|iPhone
		{05CAA082-10C3-4E7A-A9D3-52D8E57C7C5C}.Debug|iPhone.ActiveCfg = Debug|iPhone
		{05CAA082-10C3-4E7A-A9D3-52D8E57C7C5C}.Debug|iPhone.Build.0 = Debug|iPhone
		{05CAA082-10C3-4E7A-A9D3-52D8E57C7C5C}.Debug|iPhoneSimulator.ActiveCfg = Debug|iPhoneSimulator
		{05CAA082-10C3-4E7A-A9D3-52D8E57C7C5C}.Debug|iPhoneSimulator.Build.0 = Debug|iPhoneSimulator
		{05CAA082-10C3-4E7A-A9D3-52D8E57C7C5C}.Debug|x64.ActiveCfg = Debug|iPhone
		{05CAA082-10C3-4E7A-A9D3-52D8E57C7C5C}.Debug|x86.ActiveCfg = Debug|iPhone
		{05CAA082-10C3-4E7A-A9D3-52D8E57C7C5C}.Release|Any CPU.ActiveCfg = Release|iPhone
		{05CAA082-10C3-4E7A-A9D3-52D8E57C7C5C}.Release|ARM.ActiveCfg = Release|iPhone
		{05CAA082-10C3-4E7A-A9D3-52D8E57C7C5C}.Release|iPhone.ActiveCfg = Release|iPhone
		{05CAA082-10C3-4E7A-A9D3-52D8E57C7C5C}.Release|iPhone.Build.0 = Release|iPhone
		{05CAA082-10C3-4E7A-A9D3-52D8E57C7C5C}.Release|iPhoneSimulator.ActiveCfg = Release|iPhoneSimulator
		{05CAA082-10C3-4E7A-A9D3-52D8E57C7C5C}.Release|iPhoneSimulator.Build.0 = Release|iPhoneSimulator
		{05CAA082-10C3-4E7A-A9D3-52D8E57C7C5C}.Release|x64.ActiveCfg = Release|iPhone
		{05CAA082-10C3-4E7A-A9D3-52D8E57C7C5C}.Release|x86.ActiveCfg = Release|iPhone
		{AFD2CB98-C7BC-42EA-952F-73FC0A9B00AE}.Ad-Hoc|Any CPU.ActiveCfg = Release|x86
		{AFD2CB98-C7BC-42EA-952F-73FC0A9B00AE}.Ad-Hoc|Any CPU.Build.0 = Release|x86
		{AFD2CB98-C7BC-42EA-952F-73FC0A9B00AE}.Ad-Hoc|Any CPU.Deploy.0 = Release|x86
		{AFD2CB98-C7BC-42EA-952F-73FC0A9B00AE}.Ad-Hoc|ARM.ActiveCfg = Release|ARM
		{AFD2CB98-C7BC-42EA-952F-73FC0A9B00AE}.Ad-Hoc|ARM.Build.0 = Release|ARM
		{AFD2CB98-C7BC-42EA-952F-73FC0A9B00AE}.Ad-Hoc|ARM.Deploy.0 = Release|ARM
		{AFD2CB98-C7BC-42EA-952F-73FC0A9B00AE}.Ad-Hoc|iPhone.ActiveCfg = Release|x86
		{AFD2CB98-C7BC-42EA-952F-73FC0A9B00AE}.Ad-Hoc|iPhone.Build.0 = Release|x86
		{AFD2CB98-C7BC-42EA-952F-73FC0A9B00AE}.Ad-Hoc|iPhone.Deploy.0 = Release|x86
		{AFD2CB98-C7BC-42EA-952F-73FC0A9B00AE}.Ad-Hoc|iPhoneSimulator.ActiveCfg = Release|x86
		{AFD2CB98-C7BC-42EA-952F-73FC0A9B00AE}.Ad-Hoc|iPhoneSimulator.Build.0 = Release|x86
		{AFD2CB98-C7BC-42EA-952F-73FC0A9B00AE}.Ad-Hoc|iPhoneSimulator.Deploy.0 = Release|x86
		{AFD2CB98-C7BC-42EA-952F-73FC0A9B00AE}.Ad-Hoc|x64.ActiveCfg = Release|x64
		{AFD2CB98-C7BC-42EA-952F-73FC0A9B00AE}.Ad-Hoc|x64.Build.0 = Release|x64
		{AFD2CB98-C7BC-42EA-952F-73FC0A9B00AE}.Ad-Hoc|x64.Deploy.0 = Release|x64
		{AFD2CB98-C7BC-42EA-952F-73FC0A9B00AE}.Ad-Hoc|x86.ActiveCfg = Release|x86
		{AFD2CB98-C7BC-42EA-952F-73FC0A9B00AE}.Ad-Hoc|x86.Build.0 = Release|x86
		{AFD2CB98-C7BC-42EA-952F-73FC0A9B00AE}.Ad-Hoc|x86.Deploy.0 = Release|x86
		{AFD2CB98-C7BC-42EA-952F-73FC0A9B00AE}.AppStore|Any CPU.ActiveCfg = Release|x86
		{AFD2CB98-C7BC-42EA-952F-73FC0A9B00AE}.AppStore|Any CPU.Build.0 = Release|x86
		{AFD2CB98-C7BC-42EA-952F-73FC0A9B00AE}.AppStore|Any CPU.Deploy.0 = Release|x86
		{AFD2CB98-C7BC-42EA-952F-73FC0A9B00AE}.AppStore|ARM.ActiveCfg = Release|ARM
		{AFD2CB98-C7BC-42EA-952F-73FC0A9B00AE}.AppStore|ARM.Build.0 = Release|ARM
		{AFD2CB98-C7BC-42EA-952F-73FC0A9B00AE}.AppStore|ARM.Deploy.0 = Release|ARM
		{AFD2CB98-C7BC-42EA-952F-73FC0A9B00AE}.AppStore|iPhone.ActiveCfg = Release|x86
		{AFD2CB98-C7BC-42EA-952F-73FC0A9B00AE}.AppStore|iPhone.Build.0 = Release|x86
		{AFD2CB98-C7BC-42EA-952F-73FC0A9B00AE}.AppStore|iPhone.Deploy.0 = Release|x86
		{AFD2CB98-C7BC-42EA-952F-73FC0A9B00AE}.AppStore|iPhoneSimulator.ActiveCfg = Release|x86
		{AFD2CB98-C7BC-42EA-952F-73FC0A9B00AE}.AppStore|iPhoneSimulator.Build.0 = Release|x86
		{AFD2CB98-C7BC-42EA-952F-73FC0A9B00AE}.AppStore|iPhoneSimulator.Deploy.0 = Release|x86
		{AFD2CB98-C7BC-42EA-952F-73FC0A9B00AE}.AppStore|x64.ActiveCfg = Release|x64
		{AFD2CB98-C7BC-42EA-952F-73FC0A9B00AE}.AppStore|x64.Build.0 = Release|x64
		{AFD2CB98-C7BC-42EA-952F-73FC0A9B00AE}.AppStore|x64.Deploy.0 = Release|x64
		{AFD2CB98-C7BC-42EA-952F-73FC0A9B00AE}.AppStore|x86.ActiveCfg = Release|x86
		{AFD2CB98-C7BC-42EA-952F-73FC0A9B00AE}.AppStore|x86.Build.0 = Release|x86
		{AFD2CB98-C7BC-42EA-952F-73FC0A9B00AE}.AppStore|x86.Deploy.0 = Release|x86
		{AFD2CB98-C7BC-42EA-952F-73FC0A9B00AE}.Debug|Any CPU.ActiveCfg = Debug|x86
		{AFD2CB98-C7BC-42EA-952F-73FC0A9B00AE}.Debug|ARM.ActiveCfg = Debug|ARM
		{AFD2CB98-C7BC-42EA-952F-73FC0A9B00AE}.Debug|ARM.Build.0 = Debug|ARM
		{AFD2CB98-C7BC-42EA-952F-73FC0A9B00AE}.Debug|ARM.Deploy.0 = Debug|ARM
		{AFD2CB98-C7BC-42EA-952F-73FC0A9B00AE}.Debug|iPhone.ActiveCfg = Debug|x86
		{AFD2CB98-C7BC-42EA-952F-73FC0A9B00AE}.Debug|iPhoneSimulator.ActiveCfg = Debug|x86
		{AFD2CB98-C7BC-42EA-952F-73FC0A9B00AE}.Debug|x64.ActiveCfg = Debug|x64
		{AFD2CB98-C7BC-42EA-952F-73FC0A9B00AE}.Debug|x64.Build.0 = Debug|x64
		{AFD2CB98-C7BC-42EA-952F-73FC0A9B00AE}.Debug|x64.Deploy.0 = Debug|x64
		{AFD2CB98-C7BC-42EA-952F-73FC0A9B00AE}.Debug|x86.ActiveCfg = Debug|x86
		{AFD2CB98-C7BC-42EA-952F-73FC0A9B00AE}.Debug|x86.Build.0 = Debug|x86
		{AFD2CB98-C7BC-42EA-952F-73FC0A9B00AE}.Debug|x86.Deploy.0 = Debug|x86
		{AFD2CB98-C7BC-42EA-952F-73FC0A9B00AE}.Release|Any CPU.ActiveCfg = Release|x86
		{AFD2CB98-C7BC-42EA-952F-73FC0A9B00AE}.Release|ARM.ActiveCfg = Release|ARM
		{AFD2CB98-C7BC-42EA-952F-73FC0A9B00AE}.Release|ARM.Build.0 = Release|ARM
		{AFD2CB98-C7BC-42EA-952F-73FC0A9B00AE}.Release|ARM.Deploy.0 = Release|ARM
		{AFD2CB98-C7BC-42EA-952F-73FC0A9B00AE}.Release|iPhone.ActiveCfg = Release|x86
		{AFD2CB98-C7BC-42EA-952F-73FC0A9B00AE}.Release|iPhoneSimulator.ActiveCfg = Release|x86
		{AFD2CB98-C7BC-42EA-952F-73FC0A9B00AE}.Release|x64.ActiveCfg = Release|x64
		{AFD2CB98-C7BC-42EA-952F-73FC0A9B00AE}.Release|x64.Build.0 = Release|x64
		{AFD2CB98-C7BC-42EA-952F-73FC0A9B00AE}.Release|x64.Deploy.0 = Release|x64
		{AFD2CB98-C7BC-42EA-952F-73FC0A9B00AE}.Release|x86.ActiveCfg = Release|x86
		{AFD2CB98-C7BC-42EA-952F-73FC0A9B00AE}.Release|x86.Build.0 = Release|x86
		{AFD2CB98-C7BC-42EA-952F-73FC0A9B00AE}.Release|x86.Deploy.0 = Release|x86
		{AD3315CA-3348-442A-89DB-759D75EF54FD}.Ad-Hoc|Any CPU.ActiveCfg = Debug|Any CPU
		{AD3315CA-3348-442A-89DB-759D75EF54FD}.Ad-Hoc|Any CPU.Build.0 = Debug|Any CPU
		{AD3315CA-3348-442A-89DB-759D75EF54FD}.Ad-Hoc|ARM.ActiveCfg = Debug|Any CPU
		{AD3315CA-3348-442A-89DB-759D75EF54FD}.Ad-Hoc|ARM.Build.0 = Debug|Any CPU
		{AD3315CA-3348-442A-89DB-759D75EF54FD}.Ad-Hoc|iPhone.ActiveCfg = Debug|Any CPU
		{AD3315CA-3348-442A-89DB-759D75EF54FD}.Ad-Hoc|iPhone.Build.0 = Debug|Any CPU
		{AD3315CA-3348-442A-89DB-759D75EF54FD}.Ad-Hoc|iPhoneSimulator.ActiveCfg = Debug|Any CPU
		{AD3315CA-3348-442A-89DB-759D75EF54FD}.Ad-Hoc|iPhoneSimulator.Build.0 = Debug|Any CPU
		{AD3315CA-3348-442A-89DB-759D75EF54FD}.Ad-Hoc|x64.ActiveCfg = Debug|Any CPU
		{AD3315CA-3348-442A-89DB-759D75EF54FD}.Ad-Hoc|x64.Build.0 = Debug|Any CPU
		{AD3315CA-3348-442A-89DB-759D75EF54FD}.Ad-Hoc|x86.ActiveCfg = Debug|Any CPU
		{AD3315CA-3348-442A-89DB-759D75EF54FD}.Ad-Hoc|x86.Build.0 = Debug|Any CPU
		{AD3315CA-3348-442A-89DB-759D75EF54FD}.AppStore|Any CPU.ActiveCfg = Debug|Any CPU
		{AD3315CA-3348-442A-89DB-759D75EF54FD}.AppStore|Any CPU.Build.0 = Debug|Any CPU
		{AD3315CA-3348-442A-89DB-759D75EF54FD}.AppStore|ARM.ActiveCfg = Debug|Any CPU
		{AD3315CA-3348-442A-89DB-759D75EF54FD}.AppStore|ARM.Build.0 = Debug|Any CPU
		{AD3315CA-3348-442A-89DB-759D75EF54FD}.AppStore|iPhone.ActiveCfg = Debug|Any CPU
		{AD3315CA-3348-442A-89DB-759D75EF54FD}.AppStore|iPhone.Build.0 = Debug|Any CPU
		{AD3315CA-3348-442A-89DB-759D75EF54FD}.AppStore|iPhoneSimulator.ActiveCfg = Debug|Any CPU
		{AD3315CA-3348-442A-89DB-759D75EF54FD}.AppStore|iPhoneSimulator.Build.0 = Debug|Any CPU
		{AD3315CA-3348-442A-89DB-759D75EF54FD}.AppStore|x64.ActiveCfg = Debug|Any CPU
		{AD3315CA-3348-442A-89DB-759D75EF54FD}.AppStore|x64.Build.0 = Debug|Any CPU
		{AD3315CA-3348-442A-89DB-759D75EF54FD}.AppStore|x86.ActiveCfg = Debug|Any CPU
		{AD3315CA-3348-442A-89DB-759D75EF54FD}.AppStore|x86.Build.0 = Debug|Any CPU
		{AD3315CA-3348-442A-89DB-759D75EF54FD}.Debug|Any CPU.ActiveCfg = Debug|Any CPU
		{AD3315CA-3348-442A-89DB-759D75EF54FD}.Debug|Any CPU.Build.0 = Debug|Any CPU
		{AD3315CA-3348-442A-89DB-759D75EF54FD}.Debug|ARM.ActiveCfg = Debug|Any CPU
		{AD3315CA-3348-442A-89DB-759D75EF54FD}.Debug|ARM.Build.0 = Debug|Any CPU
		{AD3315CA-3348-442A-89DB-759D75EF54FD}.Debug|iPhone.ActiveCfg = Debug|Any CPU
		{AD3315CA-3348-442A-89DB-759D75EF54FD}.Debug|iPhone.Build.0 = Debug|Any CPU
		{AD3315CA-3348-442A-89DB-759D75EF54FD}.Debug|iPhoneSimulator.ActiveCfg = Debug|Any CPU
		{AD3315CA-3348-442A-89DB-759D75EF54FD}.Debug|iPhoneSimulator.Build.0 = Debug|Any CPU
		{AD3315CA-3348-442A-89DB-759D75EF54FD}.Debug|x64.ActiveCfg = Debug|Any CPU
		{AD3315CA-3348-442A-89DB-759D75EF54FD}.Debug|x64.Build.0 = Debug|Any CPU
		{AD3315CA-3348-442A-89DB-759D75EF54FD}.Debug|x86.ActiveCfg = Debug|Any CPU
		{AD3315CA-3348-442A-89DB-759D75EF54FD}.Debug|x86.Build.0 = Debug|Any CPU
		{AD3315CA-3348-442A-89DB-759D75EF54FD}.Release|Any CPU.ActiveCfg = Release|Any CPU
		{AD3315CA-3348-442A-89DB-759D75EF54FD}.Release|Any CPU.Build.0 = Release|Any CPU
		{AD3315CA-3348-442A-89DB-759D75EF54FD}.Release|ARM.ActiveCfg = Release|Any CPU
		{AD3315CA-3348-442A-89DB-759D75EF54FD}.Release|ARM.Build.0 = Release|Any CPU
		{AD3315CA-3348-442A-89DB-759D75EF54FD}.Release|iPhone.ActiveCfg = Release|Any CPU
		{AD3315CA-3348-442A-89DB-759D75EF54FD}.Release|iPhone.Build.0 = Release|Any CPU
		{AD3315CA-3348-442A-89DB-759D75EF54FD}.Release|iPhoneSimulator.ActiveCfg = Release|Any CPU
		{AD3315CA-3348-442A-89DB-759D75EF54FD}.Release|iPhoneSimulator.Build.0 = Release|Any CPU
		{AD3315CA-3348-442A-89DB-759D75EF54FD}.Release|x64.ActiveCfg = Release|Any CPU
		{AD3315CA-3348-442A-89DB-759D75EF54FD}.Release|x64.Build.0 = Release|Any CPU
		{AD3315CA-3348-442A-89DB-759D75EF54FD}.Release|x86.ActiveCfg = Release|Any CPU
		{AD3315CA-3348-442A-89DB-759D75EF54FD}.Release|x86.Build.0 = Release|Any CPU
	EndGlobalSection
	GlobalSection(SolutionProperties) = preSolution
		HideSolutionNode = FALSE
	EndGlobalSection
	GlobalSection(ExtensibilityGlobals) = postSolution
		SolutionGuid = {9304AC1A-9547-4F46-B9DE-B138CB619F4F}
	EndGlobalSection
EndGlobal
